version = 1
revision = 2
requires-python = ">=3.13"

[[package]]
name = "pyproject-fmt"
version = "2.6.0"
source = { registry = "https://pypi.org/simple" }
dependencies = [
    { name = "toml-fmt-common" },
]
sdist = { url = "https://files.pythonhosted.org/packages/01/d6/f3f39f474bf50d3add1210549ecc193480c7f5a48031cfa2ae9036849c53/pyproject_fmt-2.6.0.tar.gz", hash = "sha256:6640830f59f65d26aa953f5ce887d23b9359856a5d0e10d33c756b9676b229df", size = 43484, upload-time = "2025-05-19T22:07:55.444Z" }
wheels = [
    { url = "https://files.pythonhosted.org/packages/31/c2/2e32756ecbeffa47ce302c3ac76920111e6cee7290cdf4754c00ab139c4f/pyproject_fmt-2.6.0-cp39-abi3-macosx_10_12_x86_64.whl", hash = "sha256:27bd6d64a983309a1f70a166daf6936b549aea4212837f9e25e4b708532dd2eb", size = 1407476, upload-time = "2025-05-19T22:07:28.163Z" },
    { url = "https://files.pythonhosted.org/packages/58/4e/8cd51c8fc3b80bb01a4ef2e15cec0750c1799a96efca1ae1555754831a21/pyproject_fmt-2.6.0-cp39-abi3-macosx_11_0_arm64.whl", hash = "sha256:ab34015c68dcca4d4ca8f309fe7b5fef548344d07f3231fa3dcae706e6a021d4", size = 1323184, upload-time = "2025-05-19T22:07:30.095Z" },
    { url = "https://files.pythonhosted.org/packages/42/93/29292c95f30d69ee3b91bfdfc93bf95756219ac66f1c35e01d963f73f02d/pyproject_fmt-2.6.0-cp39-abi3-manylinux_2_17_aarch64.manylinux2014_aarch64.whl", hash = "sha256:aa0767d1a3b9c8b7f1aa024219b557e243f9d0bf24c5aa5276892a306882f364", size = 1393126, upload-time = "2025-05-19T22:07:31.694Z" },
    { url = "https://files.pythonhosted.org/packages/32/5d/a9b6dededb12d0f6987ca239fcb1489d8f58fc8a95377a5cbcb5094f0fbc/pyproject_fmt-2.6.0-cp39-abi3-manylinux_2_17_armv7l.manylinux2014_armv7l.whl", hash = "sha256:37a25b891dc2028b879899dde537c208c571251e7b69842fc2023becde0bc198", size = 1351902, upload-time = "2025-05-19T22:07:33.323Z" },
    { url = "https://files.pythonhosted.org/packages/b2/8d/104f7da273d619759227b2cfe88f65c5ed4d82d440a328068be1298115ce/pyproject_fmt-2.6.0-cp39-abi3-manylinux_2_17_ppc64le.manylinux2014_ppc64le.whl", hash = "sha256:ae21ae42bf364542a2d2c3b7aa278fe74fefb7f16a25de198a4d11274fe6113d", size = 1676973, upload-time = "2025-05-19T22:07:34.939Z" },
    { url = "https://files.pythonhosted.org/packages/cf/df/08f19eb3c617ac63335b56a2ba415145092bd8dff649bf38181e64698835/pyproject_fmt-2.6.0-cp39-abi3-manylinux_2_17_s390x.manylinux2014_s390x.whl", hash = "sha256:43917582b5c43ef99866731d9adfa412cd19a5a0ef0ce318619f824dfabb1eae", size = 1553054, upload-time = "2025-05-19T22:07:36.121Z" },
    { url = "https://files.pythonhosted.org/packages/b6/d1/1ce362f0b8a5730f0c611db67ecd475b0d742a85e7c1d8937597987b6b0c/pyproject_fmt-2.6.0-cp39-abi3-manylinux_2_17_x86_64.manylinux2014_x86_64.whl", hash = "sha256:8919e055255297971c12cf02bce7d12b95fd02151901054df524b2e80bad4948", size = 1501535, upload-time = "2025-05-19T22:07:37.756Z" },
    { url = "https://files.pythonhosted.org/packages/c1/cc/b4f38f5539c7f868a53acbcd67136f3e8fa1841a3a5254a01dbfb5485276/pyproject_fmt-2.6.0-cp39-abi3-manylinux_2_5_i686.manylinux1_i686.whl", hash = "sha256:43e5c363fd47eedd1796c044e95e7354c2e77448424031b4816e0b500cbf05cc", size = 1508770, upload-time = "2025-05-19T22:07:38.964Z" },
    { url = "https://files.pythonhosted.org/packages/44/22/d5ab722135215f3fa09494aa21fb0c47fefc083c3c525d65292d585ee22b/pyproject_fmt-2.6.0-cp39-abi3-musllinux_1_2_i686.whl", hash = "sha256:ec8abed5f0aec8d72c8341242c4c898b4baf3005d42aa0542433e27c81582d65", size = 1630762, upload-time = "2025-05-19T22:07:40.322Z" },
    { url = "https://files.pythonhosted.org/packages/a4/9a/5c0fe5390e82458c784aad8b70462c4f5a66faa54c56ce9899db5b0df536/pyproject_fmt-2.6.0-cp39-abi3-musllinux_1_2_x86_64.whl", hash = "sha256:9989ea221f760043224152ac32cfccf2a30712d18b5bdb189db0c8cee0fbf5ce", size = 1673003, upload-time = "2025-05-19T22:07:41.871Z" },
    { url = "https://files.pythonhosted.org/packages/12/8c/651067e3f62b41280ef84e3968960f2a2c7bfb89a2969840766341cabeeb/pyproject_fmt-2.6.0-cp39-abi3-win32.whl", hash = "sha256:0639fed0b4fe849f01949f2c7baf5e377d10b6374cff8da7c6da83ac207986e1", size = 1248635, upload-time = "2025-05-19T22:07:43.483Z" },
    { url = "https://files.pythonhosted.org/packages/07/9c/186f03ebe8efc6dfe4c886c2d5e369234bc301076b79aa66f2b3bebf61f0/pyproject_fmt-2.6.0-cp39-abi3-win_amd64.whl", hash = "sha256:3402dd5982d09a9baee7243cef8b2b5154f14b683bc23e207bf75599101526fa", size = 1366895, upload-time = "2025-05-19T22:07:44.808Z" },
]

[[package]]
name = "ruff"
version = "0.12.1"
source = { registry = "https://pypi.org/simple" }
sdist = { url = "https://files.pythonhosted.org/packages/97/38/796a101608a90494440856ccfb52b1edae90de0b817e76bfade66b12d320/ruff-0.12.1.tar.gz", hash = "sha256:806bbc17f1104fd57451a98a58df35388ee3ab422e029e8f5cf30aa4af2c138c", size = 4413426, upload-time = "2025-06-26T20:34:14.784Z" }
wheels = [
    { url = "https://files.pythonhosted.org/packages/06/bf/3dba52c1d12ab5e78d75bd78ad52fb85a6a1f29cc447c2423037b82bed0d/ruff-0.12.1-py3-none-linux_armv6l.whl", hash = "sha256:6013a46d865111e2edb71ad692fbb8262e6c172587a57c0669332a449384a36b", size = 10305649, upload-time = "2025-06-26T20:33:39.242Z" },
    { url = "https://files.pythonhosted.org/packages/8c/65/dab1ba90269bc8c81ce1d499a6517e28fe6f87b2119ec449257d0983cceb/ruff-0.12.1-py3-none-macosx_10_12_x86_64.whl", hash = "sha256:b3f75a19e03a4b0757d1412edb7f27cffb0c700365e9d6b60bc1b68d35bc89e0", size = 11120201, upload-time = "2025-06-26T20:33:42.207Z" },
    { url = "https://files.pythonhosted.org/packages/3f/3e/2d819ffda01defe857fa2dd4cba4d19109713df4034cc36f06bbf582d62a/ruff-0.12.1-py3-none-macosx_11_0_arm64.whl", hash = "sha256:9a256522893cb7e92bb1e1153283927f842dea2e48619c803243dccc8437b8be", size = 10466769, upload-time = "2025-06-26T20:33:44.102Z" },
    { url = "https://files.pythonhosted.org/packages/63/37/bde4cf84dbd7821c8de56ec4ccc2816bce8125684f7b9e22fe4ad92364de/ruff-0.12.1-py3-none-manylinux_2_17_aarch64.manylinux2014_aarch64.whl", hash = "sha256:069052605fe74c765a5b4272eb89880e0ff7a31e6c0dbf8767203c1fbd31c7ff", size = 10660902, upload-time = "2025-06-26T20:33:45.98Z" },
    { url = "https://files.pythonhosted.org/packages/0e/3a/390782a9ed1358c95e78ccc745eed1a9d657a537e5c4c4812fce06c8d1a0/ruff-0.12.1-py3-none-manylinux_2_17_armv7l.manylinux2014_armv7l.whl", hash = "sha256:a684f125a4fec2d5a6501a466be3841113ba6847827be4573fddf8308b83477d", size = 10167002, upload-time = "2025-06-26T20:33:47.81Z" },
    { url = "https://files.pythonhosted.org/packages/6d/05/f2d4c965009634830e97ffe733201ec59e4addc5b1c0efa035645baa9e5f/ruff-0.12.1-py3-none-manylinux_2_17_i686.manylinux2014_i686.whl", hash = "sha256:bdecdef753bf1e95797593007569d8e1697a54fca843d78f6862f7dc279e23bd", size = 11751522, upload-time = "2025-06-26T20:33:49.857Z" },
    { url = "https://files.pythonhosted.org/packages/35/4e/4bfc519b5fcd462233f82fc20ef8b1e5ecce476c283b355af92c0935d5d9/ruff-0.12.1-py3-none-manylinux_2_17_ppc64.manylinux2014_ppc64.whl", hash = "sha256:70d52a058c0e7b88b602f575d23596e89bd7d8196437a4148381a3f73fcd5010", size = 12520264, upload-time = "2025-06-26T20:33:52.199Z" },
    { url = "https://files.pythonhosted.org/packages/85/b2/7756a6925da236b3a31f234b4167397c3e5f91edb861028a631546bad719/ruff-0.12.1-py3-none-manylinux_2_17_ppc64le.manylinux2014_ppc64le.whl", hash = "sha256:84d0a69d1e8d716dfeab22d8d5e7c786b73f2106429a933cee51d7b09f861d4e", size = 12133882, upload-time = "2025-06-26T20:33:54.231Z" },
    { url = "https://files.pythonhosted.org/packages/dd/00/40da9c66d4a4d51291e619be6757fa65c91b92456ff4f01101593f3a1170/ruff-0.12.1-py3-none-manylinux_2_17_s390x.manylinux2014_s390x.whl", hash = "sha256:6cc32e863adcf9e71690248607ccdf25252eeeab5193768e6873b901fd441fed", size = 11608941, upload-time = "2025-06-26T20:33:56.202Z" },
    { url = "https://files.pythonhosted.org/packages/91/e7/f898391cc026a77fbe68dfea5940f8213622474cb848eb30215538a2dadf/ruff-0.12.1-py3-none-manylinux_2_17_x86_64.manylinux2014_x86_64.whl", hash = "sha256:7fd49a4619f90d5afc65cf42e07b6ae98bb454fd5029d03b306bd9e2273d44cc", size = 11602887, upload-time = "2025-06-26T20:33:58.47Z" },
    { url = "https://files.pythonhosted.org/packages/f6/02/0891872fc6aab8678084f4cf8826f85c5d2d24aa9114092139a38123f94b/ruff-0.12.1-py3-none-musllinux_1_2_aarch64.whl", hash = "sha256:ed5af6aaaea20710e77698e2055b9ff9b3494891e1b24d26c07055459bb717e9", size = 10521742, upload-time = "2025-06-26T20:34:00.465Z" },
    { url = "https://files.pythonhosted.org/packages/2a/98/d6534322c74a7d47b0f33b036b2498ccac99d8d8c40edadb552c038cecf1/ruff-0.12.1-py3-none-musllinux_1_2_armv7l.whl", hash = "sha256:801d626de15e6bf988fbe7ce59b303a914ff9c616d5866f8c79eb5012720ae13", size = 10149909, upload-time = "2025-06-26T20:34:02.603Z" },
    { url = "https://files.pythonhosted.org/packages/34/5c/9b7ba8c19a31e2b6bd5e31aa1e65b533208a30512f118805371dbbbdf6a9/ruff-0.12.1-py3-none-musllinux_1_2_i686.whl", hash = "sha256:2be9d32a147f98a1972c1e4df9a6956d612ca5f5578536814372113d09a27a6c", size = 11136005, upload-time = "2025-06-26T20:34:04.723Z" },
    { url = "https://files.pythonhosted.org/packages/dc/34/9bbefa4d0ff2c000e4e533f591499f6b834346025e11da97f4ded21cb23e/ruff-0.12.1-py3-none-musllinux_1_2_x86_64.whl", hash = "sha256:49b7ce354eed2a322fbaea80168c902de9504e6e174fd501e9447cad0232f9e6", size = 11648579, upload-time = "2025-06-26T20:34:06.766Z" },
    { url = "https://files.pythonhosted.org/packages/6f/1c/20cdb593783f8f411839ce749ec9ae9e4298c2b2079b40295c3e6e2089e1/ruff-0.12.1-py3-none-win32.whl", hash = "sha256:d973fa626d4c8267848755bd0414211a456e99e125dcab147f24daa9e991a245", size = 10519495, upload-time = "2025-06-26T20:34:08.718Z" },
    { url = "https://files.pythonhosted.org/packages/cf/56/7158bd8d3cf16394928f47c637d39a7d532268cd45220bdb6cd622985760/ruff-0.12.1-py3-none-win_amd64.whl", hash = "sha256:9e1123b1c033f77bd2590e4c1fe7e8ea72ef990a85d2484351d408224d603013", size = 11547485, upload-time = "2025-06-26T20:34:11.008Z" },
    { url = "https://files.pythonhosted.org/packages/91/d0/6902c0d017259439d6fd2fd9393cea1cfe30169940118b007d5e0ea7e954/ruff-0.12.1-py3-none-win_arm64.whl", hash = "sha256:78ad09a022c64c13cc6077707f036bab0fac8cd7088772dcd1e5be21c5002efc", size = 10691209, upload-time = "2025-06-26T20:34:12.928Z" },
]

[[package]]
name = "toml-fmt-common"
version = "1.0.1"
source = { registry = "https://pypi.org/simple" }
sdist = { url = "https://files.pythonhosted.org/packages/3a/7a/fca432020e0b2134f7bb8fa4bf4714f6f0d1c72a08100c96b582c22098bc/toml_fmt_common-1.0.1.tar.gz", hash = "sha256:7a29e99e527ffac456043296a0f1d8c03aaa1b06167bd39ad5e3cc5041f31c17", size = 9626, upload-time = "2024-10-20T05:01:31.278Z" }
wheels = [
    { url = "https://files.pythonhosted.org/packages/e8/7f/094a5d096adaf2a51de24c8650530625a262bef0c654fc981165ad45821f/toml_fmt_common-1.0.1-py3-none-any.whl", hash = "sha256:7a6542e36a7167fa94b8b997d3f8debadbb4ab757c7d78a77304579bd7a0cc7d", size = 5666, upload-time = "2024-10-20T05:01:29.468Z" },
]

[[package]]
name = "tons-tw-python-minimal-starter"
version = "0.1.0"
source = { virtual = "." }

[package.dev-dependencies]
dev = [
    { name = "pyproject-fmt" },
    { name = "ruff" },
]

[package.metadata]

[package.metadata.requires-dev]
dev = [
    { name = "pyproject-fmt", specifier = ">=2.6" },
    { name = "ruff", specifier = ">=0.11.12" },
]
