version = 1
revision = 2
requires-python = ">=3.13"

[[package]]
name = "pyproject-fmt"
version = "2.6.0"
source = { registry = "https://pypi.org/simple" }
dependencies = [
    { name = "toml-fmt-common" },
]
sdist = { url = "https://files.pythonhosted.org/packages/01/d6/f3f39f474bf50d3add1210549ecc193480c7f5a48031cfa2ae9036849c53/pyproject_fmt-2.6.0.tar.gz", hash = "sha256:6640830f59f65d26aa953f5ce887d23b9359856a5d0e10d33c756b9676b229df", size = 43484, upload-time = "2025-05-19T22:07:55.444Z" }
wheels = [
    { url = "https://files.pythonhosted.org/packages/31/c2/2e32756ecbeffa47ce302c3ac76920111e6cee7290cdf4754c00ab139c4f/pyproject_fmt-2.6.0-cp39-abi3-macosx_10_12_x86_64.whl", hash = "sha256:27bd6d64a983309a1f70a166daf6936b549aea4212837f9e25e4b708532dd2eb", size = 1407476, upload-time = "2025-05-19T22:07:28.163Z" },
    { url = "https://files.pythonhosted.org/packages/58/4e/8cd51c8fc3b80bb01a4ef2e15cec0750c1799a96efca1ae1555754831a21/pyproject_fmt-2.6.0-cp39-abi3-macosx_11_0_arm64.whl", hash = "sha256:ab34015c68dcca4d4ca8f309fe7b5fef548344d07f3231fa3dcae706e6a021d4", size = 1323184, upload-time = "2025-05-19T22:07:30.095Z" },
    { url = "https://files.pythonhosted.org/packages/42/93/29292c95f30d69ee3b91bfdfc93bf95756219ac66f1c35e01d963f73f02d/pyproject_fmt-2.6.0-cp39-abi3-manylinux_2_17_aarch64.manylinux2014_aarch64.whl", hash = "sha256:aa0767d1a3b9c8b7f1aa024219b557e243f9d0bf24c5aa5276892a306882f364", size = 1393126, upload-time = "2025-05-19T22:07:31.694Z" },
    { url = "https://files.pythonhosted.org/packages/32/5d/a9b6dededb12d0f6987ca239fcb1489d8f58fc8a95377a5cbcb5094f0fbc/pyproject_fmt-2.6.0-cp39-abi3-manylinux_2_17_armv7l.manylinux2014_armv7l.whl", hash = "sha256:37a25b891dc2028b879899dde537c208c571251e7b69842fc2023becde0bc198", size = 1351902, upload-time = "2025-05-19T22:07:33.323Z" },
    { url = "https://files.pythonhosted.org/packages/b2/8d/104f7da273d619759227b2cfe88f65c5ed4d82d440a328068be1298115ce/pyproject_fmt-2.6.0-cp39-abi3-manylinux_2_17_ppc64le.manylinux2014_ppc64le.whl", hash = "sha256:ae21ae42bf364542a2d2c3b7aa278fe74fefb7f16a25de198a4d11274fe6113d", size = 1676973, upload-time = "2025-05-19T22:07:34.939Z" },
    { url = "https://files.pythonhosted.org/packages/cf/df/08f19eb3c617ac63335b56a2ba415145092bd8dff649bf38181e64698835/pyproject_fmt-2.6.0-cp39-abi3-manylinux_2_17_s390x.manylinux2014_s390x.whl", hash = "sha256:43917582b5c43ef99866731d9adfa412cd19a5a0ef0ce318619f824dfabb1eae", size = 1553054, upload-time = "2025-05-19T22:07:36.121Z" },
    { url = "https://files.pythonhosted.org/packages/b6/d1/1ce362f0b8a5730f0c611db67ecd475b0d742a85e7c1d8937597987b6b0c/pyproject_fmt-2.6.0-cp39-abi3-manylinux_2_17_x86_64.manylinux2014_x86_64.whl", hash = "sha256:8919e055255297971c12cf02bce7d12b95fd02151901054df524b2e80bad4948", size = 1501535, upload-time = "2025-05-19T22:07:37.756Z" },
    { url = "https://files.pythonhosted.org/packages/c1/cc/b4f38f5539c7f868a53acbcd67136f3e8fa1841a3a5254a01dbfb5485276/pyproject_fmt-2.6.0-cp39-abi3-manylinux_2_5_i686.manylinux1_i686.whl", hash = "sha256:43e5c363fd47eedd1796c044e95e7354c2e77448424031b4816e0b500cbf05cc", size = 1508770, upload-time = "2025-05-19T22:07:38.964Z" },
    { url = "https://files.pythonhosted.org/packages/44/22/d5ab722135215f3fa09494aa21fb0c47fefc083c3c525d65292d585ee22b/pyproject_fmt-2.6.0-cp39-abi3-musllinux_1_2_i686.whl", hash = "sha256:ec8abed5f0aec8d72c8341242c4c898b4baf3005d42aa0542433e27c81582d65", size = 1630762, upload-time = "2025-05-19T22:07:40.322Z" },
    { url = "https://files.pythonhosted.org/packages/a4/9a/5c0fe5390e82458c784aad8b70462c4f5a66faa54c56ce9899db5b0df536/pyproject_fmt-2.6.0-cp39-abi3-musllinux_1_2_x86_64.whl", hash = "sha256:9989ea221f760043224152ac32cfccf2a30712d18b5bdb189db0c8cee0fbf5ce", size = 1673003, upload-time = "2025-05-19T22:07:41.871Z" },
    { url = "https://files.pythonhosted.org/packages/12/8c/651067e3f62b41280ef84e3968960f2a2c7bfb89a2969840766341cabeeb/pyproject_fmt-2.6.0-cp39-abi3-win32.whl", hash = "sha256:0639fed0b4fe849f01949f2c7baf5e377d10b6374cff8da7c6da83ac207986e1", size = 1248635, upload-time = "2025-05-19T22:07:43.483Z" },
    { url = "https://files.pythonhosted.org/packages/07/9c/186f03ebe8efc6dfe4c886c2d5e369234bc301076b79aa66f2b3bebf61f0/pyproject_fmt-2.6.0-cp39-abi3-win_amd64.whl", hash = "sha256:3402dd5982d09a9baee7243cef8b2b5154f14b683bc23e207bf75599101526fa", size = 1366895, upload-time = "2025-05-19T22:07:44.808Z" },
]

[[package]]
name = "ruff"
version = "0.11.12"
source = { registry = "https://pypi.org/simple" }
sdist = { url = "https://files.pythonhosted.org/packages/15/0a/92416b159ec00cdf11e5882a9d80d29bf84bba3dbebc51c4898bfbca1da6/ruff-0.11.12.tar.gz", hash = "sha256:43cf7f69c7d7c7d7513b9d59c5d8cafd704e05944f978614aa9faff6ac202603", size = 4202289, upload-time = "2025-05-29T13:31:40.037Z" }
wheels = [
    { url = "https://files.pythonhosted.org/packages/60/cc/53eb79f012d15e136d40a8e8fc519ba8f55a057f60b29c2df34efd47c6e3/ruff-0.11.12-py3-none-linux_armv6l.whl", hash = "sha256:c7680aa2f0d4c4f43353d1e72123955c7a2159b8646cd43402de6d4a3a25d7cc", size = 10285597, upload-time = "2025-05-29T13:30:57.539Z" },
    { url = "https://files.pythonhosted.org/packages/e7/d7/73386e9fb0232b015a23f62fea7503f96e29c29e6c45461d4a73bac74df9/ruff-0.11.12-py3-none-macosx_10_12_x86_64.whl", hash = "sha256:2cad64843da9f134565c20bcc430642de897b8ea02e2e79e6e02a76b8dcad7c3", size = 11053154, upload-time = "2025-05-29T13:31:00.865Z" },
    { url = "https://files.pythonhosted.org/packages/4e/eb/3eae144c5114e92deb65a0cb2c72326c8469e14991e9bc3ec0349da1331c/ruff-0.11.12-py3-none-macosx_11_0_arm64.whl", hash = "sha256:9b6886b524a1c659cee1758140138455d3c029783d1b9e643f3624a5ee0cb0aa", size = 10403048, upload-time = "2025-05-29T13:31:03.413Z" },
    { url = "https://files.pythonhosted.org/packages/29/64/20c54b20e58b1058db6689e94731f2a22e9f7abab74e1a758dfba058b6ca/ruff-0.11.12-py3-none-manylinux_2_17_aarch64.manylinux2014_aarch64.whl", hash = "sha256:3cc3a3690aad6e86c1958d3ec3c38c4594b6ecec75c1f531e84160bd827b2012", size = 10597062, upload-time = "2025-05-29T13:31:05.539Z" },
    { url = "https://files.pythonhosted.org/packages/29/3a/79fa6a9a39422a400564ca7233a689a151f1039110f0bbbabcb38106883a/ruff-0.11.12-py3-none-manylinux_2_17_armv7l.manylinux2014_armv7l.whl", hash = "sha256:f97fdbc2549f456c65b3b0048560d44ddd540db1f27c778a938371424b49fe4a", size = 10155152, upload-time = "2025-05-29T13:31:07.986Z" },
    { url = "https://files.pythonhosted.org/packages/e5/a4/22c2c97b2340aa968af3a39bc38045e78d36abd4ed3fa2bde91c31e712e3/ruff-0.11.12-py3-none-manylinux_2_17_i686.manylinux2014_i686.whl", hash = "sha256:74adf84960236961090e2d1348c1a67d940fd12e811a33fb3d107df61eef8fc7", size = 11723067, upload-time = "2025-05-29T13:31:10.57Z" },
    { url = "https://files.pythonhosted.org/packages/bc/cf/3e452fbd9597bcd8058856ecd42b22751749d07935793a1856d988154151/ruff-0.11.12-py3-none-manylinux_2_17_ppc64.manylinux2014_ppc64.whl", hash = "sha256:b56697e5b8bcf1d61293ccfe63873aba08fdbcbbba839fc046ec5926bdb25a3a", size = 12460807, upload-time = "2025-05-29T13:31:12.88Z" },
    { url = "https://files.pythonhosted.org/packages/2f/ec/8f170381a15e1eb7d93cb4feef8d17334d5a1eb33fee273aee5d1f8241a3/ruff-0.11.12-py3-none-manylinux_2_17_ppc64le.manylinux2014_ppc64le.whl", hash = "sha256:4d47afa45e7b0eaf5e5969c6b39cbd108be83910b5c74626247e366fd7a36a13", size = 12063261, upload-time = "2025-05-29T13:31:15.236Z" },
    { url = "https://files.pythonhosted.org/packages/0d/bf/57208f8c0a8153a14652a85f4116c0002148e83770d7a41f2e90b52d2b4e/ruff-0.11.12-py3-none-manylinux_2_17_s390x.manylinux2014_s390x.whl", hash = "sha256:692bf9603fe1bf949de8b09a2da896f05c01ed7a187f4a386cdba6760e7f61be", size = 11329601, upload-time = "2025-05-29T13:31:18.68Z" },
    { url = "https://files.pythonhosted.org/packages/c3/56/edf942f7fdac5888094d9ffa303f12096f1a93eb46570bcf5f14c0c70880/ruff-0.11.12-py3-none-manylinux_2_17_x86_64.manylinux2014_x86_64.whl", hash = "sha256:08033320e979df3b20dba567c62f69c45e01df708b0f9c83912d7abd3e0801cd", size = 11522186, upload-time = "2025-05-29T13:31:21.216Z" },
    { url = "https://files.pythonhosted.org/packages/ed/63/79ffef65246911ed7e2290aeece48739d9603b3a35f9529fec0fc6c26400/ruff-0.11.12-py3-none-musllinux_1_2_aarch64.whl", hash = "sha256:929b7706584f5bfd61d67d5070f399057d07c70585fa8c4491d78ada452d3bef", size = 10449032, upload-time = "2025-05-29T13:31:23.417Z" },
    { url = "https://files.pythonhosted.org/packages/88/19/8c9d4d8a1c2a3f5a1ea45a64b42593d50e28b8e038f1aafd65d6b43647f3/ruff-0.11.12-py3-none-musllinux_1_2_armv7l.whl", hash = "sha256:7de4a73205dc5756b8e09ee3ed67c38312dce1aa28972b93150f5751199981b5", size = 10129370, upload-time = "2025-05-29T13:31:25.777Z" },
    { url = "https://files.pythonhosted.org/packages/bc/0f/2d15533eaa18f460530a857e1778900cd867ded67f16c85723569d54e410/ruff-0.11.12-py3-none-musllinux_1_2_i686.whl", hash = "sha256:2635c2a90ac1b8ca9e93b70af59dfd1dd2026a40e2d6eebaa3efb0465dd9cf02", size = 11123529, upload-time = "2025-05-29T13:31:28.396Z" },
    { url = "https://files.pythonhosted.org/packages/4f/e2/4c2ac669534bdded835356813f48ea33cfb3a947dc47f270038364587088/ruff-0.11.12-py3-none-musllinux_1_2_x86_64.whl", hash = "sha256:d05d6a78a89166f03f03a198ecc9d18779076ad0eec476819467acb401028c0c", size = 11577642, upload-time = "2025-05-29T13:31:30.647Z" },
    { url = "https://files.pythonhosted.org/packages/a7/9b/c9ddf7f924d5617a1c94a93ba595f4b24cb5bc50e98b94433ab3f7ad27e5/ruff-0.11.12-py3-none-win32.whl", hash = "sha256:f5a07f49767c4be4772d161bfc049c1f242db0cfe1bd976e0f0886732a4765d6", size = 10475511, upload-time = "2025-05-29T13:31:32.917Z" },
    { url = "https://files.pythonhosted.org/packages/fd/d6/74fb6d3470c1aada019ffff33c0f9210af746cca0a4de19a1f10ce54968a/ruff-0.11.12-py3-none-win_amd64.whl", hash = "sha256:5a4d9f8030d8c3a45df201d7fb3ed38d0219bccd7955268e863ee4a115fa0832", size = 11523573, upload-time = "2025-05-29T13:31:35.782Z" },
    { url = "https://files.pythonhosted.org/packages/44/42/d58086ec20f52d2b0140752ae54b355ea2be2ed46f914231136dd1effcc7/ruff-0.11.12-py3-none-win_arm64.whl", hash = "sha256:65194e37853158d368e333ba282217941029a28ea90913c67e558c611d04daa5", size = 10697770, upload-time = "2025-05-29T13:31:38.009Z" },
]

[[package]]
name = "toml-fmt-common"
version = "1.0.1"
source = { registry = "https://pypi.org/simple" }
sdist = { url = "https://files.pythonhosted.org/packages/3a/7a/fca432020e0b2134f7bb8fa4bf4714f6f0d1c72a08100c96b582c22098bc/toml_fmt_common-1.0.1.tar.gz", hash = "sha256:7a29e99e527ffac456043296a0f1d8c03aaa1b06167bd39ad5e3cc5041f31c17", size = 9626, upload-time = "2024-10-20T05:01:31.278Z" }
wheels = [
    { url = "https://files.pythonhosted.org/packages/e8/7f/094a5d096adaf2a51de24c8650530625a262bef0c654fc981165ad45821f/toml_fmt_common-1.0.1-py3-none-any.whl", hash = "sha256:7a6542e36a7167fa94b8b997d3f8debadbb4ab757c7d78a77304579bd7a0cc7d", size = 5666, upload-time = "2024-10-20T05:01:29.468Z" },
]

[[package]]
name = "tons-tw-python-minimal-starter"
version = "0.1.0"
source = { virtual = "." }

[package.dev-dependencies]
dev = [
    { name = "pyproject-fmt" },
    { name = "ruff" },
]

[package.metadata]

[package.metadata.requires-dev]
dev = [
    { name = "pyproject-fmt", specifier = ">=2.6" },
    { name = "ruff", specifier = ">=0.11.12" },
]
